
Microsoft Visual Studio Solution File, Format Version 12.00
Project("{FAE04EC0-301F-11D3-BF4B-00C04F79EFBC}") = "FruitShop Razor Pages", "FruitShop Razor Pages\FruitShop Razor Pages.csproj", "{0684544B-FDC5-4ED4-A81C-4C62ECE07604}"
EndProject
Global
	GlobalSection(SolutionConfigurationPlatforms) = preSolution
		Debug|Any CPU = Debug|Any CPU
		Release|Any CPU = Release|Any CPU
	EndGlobalSection
	GlobalSection(ProjectConfigurationPlatforms) = postSolution
		{0684544B-FDC5-4ED4-A81C-4C62ECE07604}.Debug|Any CPU.ActiveCfg = Debug|Any CPU
		{0684544B-FDC5-4ED4-A81C-4C62ECE07604}.Debug|Any CPU.Build.0 = Debug|Any CPU
		{0684544B-FDC5-4ED4-A81C-4C62ECE07604}.Release|Any CPU.ActiveCfg = Release|Any CPU
		{0684544B-FDC5-4ED4-A81C-4C62ECE07604}.Release|Any CPU.Build.0 = Release|Any CPU
	EndGlobalSection
EndGlobal
